// !$*UTF8*$!
{
	archiveVersion = 1;
	classes = {
	};
	objectVersion = 56;
	objects = {

/* Begin PBXBuildFile section */
		6311C74F2C83B3C700E70312 /* TabBarView.swift in Sources */ = {isa = PBXBuildFile; fileRef = 6311C74E2C83B3C700E70312 /* TabBarView.swift */; };
		6311C7522C83B7D000E70312 /* FavoritesView.swift in Sources */ = {isa = PBXBuildFile; fileRef = 6311C7512C83B7D000E70312 /* FavoritesView.swift */; };
		6311C7562C85005D00E70312 /* ProductCellViewBuilder.swift in Sources */ = {isa = PBXBuildFile; fileRef = 6311C7552C85005D00E70312 /* ProductCellViewBuilder.swift */; };
		6311C7592C860CA600E70312 /* Query+EXT.swift in Sources */ = {isa = PBXBuildFile; fileRef = 6311C7582C860CA600E70312 /* Query+EXT.swift */; };
		6311C75D2C860D2C00E70312 /* OnFirstAppearViewModifier.swift in Sources */ = {isa = PBXBuildFile; fileRef = 6311C75C2C860D2C00E70312 /* OnFirstAppearViewModifier.swift */; };
		6311C75F2C860D7700E70312 /* FavoritesViewModel.swift in Sources */ = {isa = PBXBuildFile; fileRef = 6311C75E2C860D7700E70312 /* FavoritesViewModel.swift */; };
		6311C7612C860DE600E70312 /* ProductsViewModel.swift in Sources */ = {isa = PBXBuildFile; fileRef = 6311C7602C860DE600E70312 /* ProductsViewModel.swift */; };
		6321D1A92C6C2F8F00D7AF4C /* GoogleService-Info.plist in Resources */ = {isa = PBXBuildFile; fileRef = 6321D1A82C6C2F8F00D7AF4C /* GoogleService-Info.plist */; };
		6321D1AC2C6C309800D7AF4C /* GoogleSignIn in Frameworks */ = {isa = PBXBuildFile; productRef = 6321D1AB2C6C309800D7AF4C /* GoogleSignIn */; };
		6321D1AE2C6C309800D7AF4C /* GoogleSignInSwift in Frameworks */ = {isa = PBXBuildFile; productRef = 6321D1AD2C6C309800D7AF4C /* GoogleSignInSwift */; };
		637D54F72C6FC273003220D6 /* SignInAppleHelper.swift in Sources */ = {isa = PBXBuildFile; fileRef = 637D54F62C6FC273003220D6 /* SignInAppleHelper.swift */; };
		637D54FB2C6FD993003220D6 /* SettingsViewModel.swift in Sources */ = {isa = PBXBuildFile; fileRef = 637D54FA2C6FD993003220D6 /* SettingsViewModel.swift */; };
		637D54FE2C6FD9CE003220D6 /* AuthenticationViewModel.swift in Sources */ = {isa = PBXBuildFile; fileRef = 637D54FD2C6FD9CE003220D6 /* AuthenticationViewModel.swift */; };
		637D55012C6FDA3D003220D6 /* SignInEmailViewModel.swift in Sources */ = {isa = PBXBuildFile; fileRef = 637D55002C6FDA3D003220D6 /* SignInEmailViewModel.swift */; };
		637D55042C6FDA7D003220D6 /* ProfileView.swift in Sources */ = {isa = PBXBuildFile; fileRef = 637D55032C6FDA7D003220D6 /* ProfileView.swift */; };
		637D55072C6FFC65003220D6 /* UserManager.swift in Sources */ = {isa = PBXBuildFile; fileRef = 637D55062C6FFC65003220D6 /* UserManager.swift */; };
		637D55092C77BC28003220D6 /* ProductsDatabase.swift in Sources */ = {isa = PBXBuildFile; fileRef = 637D55082C77BC28003220D6 /* ProductsDatabase.swift */; };
		637D550C2C77BC9D003220D6 /* ProductsView.swift in Sources */ = {isa = PBXBuildFile; fileRef = 637D550B2C77BC9D003220D6 /* ProductsView.swift */; };
		637D550E2C77C008003220D6 /* ProductsManager.swift in Sources */ = {isa = PBXBuildFile; fileRef = 637D550D2C77C008003220D6 /* ProductsManager.swift */; };
		637D55112C77EEDF003220D6 /* ProductCellView.swift in Sources */ = {isa = PBXBuildFile; fileRef = 637D55102C77EEDF003220D6 /* ProductCellView.swift */; };
		63B2F5622C50A6970013027F /* FirebaseFirestore in Frameworks */ = {isa = PBXBuildFile; productRef = 63B2F5612C50A6970013027F /* FirebaseFirestore */; };
		63B2F5642C50A6970013027F /* FirebaseFirestoreSwift in Frameworks */ = {isa = PBXBuildFile; productRef = 63B2F5632C50A6970013027F /* FirebaseFirestoreSwift */; };
		63BA2C042C6ECECA00AD1751 /* Utilities.swift in Sources */ = {isa = PBXBuildFile; fileRef = 63BA2C032C6ECECA00AD1751 /* Utilities.swift */; };
		63BA2C062C6ED92900AD1751 /* SignInGoogleHelper.swift in Sources */ = {isa = PBXBuildFile; fileRef = 63BA2C052C6ED92900AD1751 /* SignInGoogleHelper.swift */; };
		63F38A512C4C6D330050DFB9 /* SwiftfulFirebaseBootcampApp.swift in Sources */ = {isa = PBXBuildFile; fileRef = 63F38A502C4C6D330050DFB9 /* SwiftfulFirebaseBootcampApp.swift */; };
		63F38A532C4C6D330050DFB9 /* ContentView.swift in Sources */ = {isa = PBXBuildFile; fileRef = 63F38A522C4C6D330050DFB9 /* ContentView.swift */; };
		63F38A552C4C6D350050DFB9 /* Assets.xcassets in Resources */ = {isa = PBXBuildFile; fileRef = 63F38A542C4C6D350050DFB9 /* Assets.xcassets */; };
		63F38A582C4C6D350050DFB9 /* Preview Assets.xcassets in Resources */ = {isa = PBXBuildFile; fileRef = 63F38A572C4C6D350050DFB9 /* Preview Assets.xcassets */; };
		63F38A622C4C8A1C0050DFB9 /* FirebaseAnalytics in Frameworks */ = {isa = PBXBuildFile; productRef = 63F38A612C4C8A1C0050DFB9 /* FirebaseAnalytics */; };
		63F38A642C4C8A1C0050DFB9 /* FirebaseAnalyticsSwift in Frameworks */ = {isa = PBXBuildFile; productRef = 63F38A632C4C8A1C0050DFB9 /* FirebaseAnalyticsSwift */; };
		63F38A672C4CC0CD0050DFB9 /* FirebaseAuth in Frameworks */ = {isa = PBXBuildFile; productRef = 63F38A662C4CC0CD0050DFB9 /* FirebaseAuth */; };
		63F38A6A2C4CC18B0050DFB9 /* AuthenticationView.swift in Sources */ = {isa = PBXBuildFile; fileRef = 63F38A692C4CC18B0050DFB9 /* AuthenticationView.swift */; };
		63F38A6C2C4CC32A0050DFB9 /* SignInEmailView.swift in Sources */ = {isa = PBXBuildFile; fileRef = 63F38A6B2C4CC32A0050DFB9 /* SignInEmailView.swift */; };
		63F38A6E2C4D56D60050DFB9 /* AuthenticationManager.swift in Sources */ = {isa = PBXBuildFile; fileRef = 63F38A6D2C4D56D60050DFB9 /* AuthenticationManager.swift */; };
		63F38A702C4D81260050DFB9 /* RootView.swift in Sources */ = {isa = PBXBuildFile; fileRef = 63F38A6F2C4D81260050DFB9 /* RootView.swift */; };
		63F38A722C4D83650050DFB9 /* SettingsView.swift in Sources */ = {isa = PBXBuildFile; fileRef = 63F38A712C4D83650050DFB9 /* SettingsView.swift */; };
/* End PBXBuildFile section */

/* Begin PBXFileReference section */
		6311C74E2C83B3C700E70312 /* TabBarView.swift */ = {isa = PBXFileReference; lastKnownFileType = sourcecode.swift; path = TabBarView.swift; sourceTree = "<group>"; };
		6311C7512C83B7D000E70312 /* FavoritesView.swift */ = {isa = PBXFileReference; lastKnownFileType = sourcecode.swift; path = FavoritesView.swift; sourceTree = "<group>"; };
		6311C7552C85005D00E70312 /* ProductCellViewBuilder.swift */ = {isa = PBXFileReference; lastKnownFileType = sourcecode.swift; path = ProductCellViewBuilder.swift; sourceTree = "<group>"; };
		6311C7582C860CA600E70312 /* Query+EXT.swift */ = {isa = PBXFileReference; lastKnownFileType = sourcecode.swift; path = "Query+EXT.swift"; sourceTree = "<group>"; };
		6311C75C2C860D2C00E70312 /* OnFirstAppearViewModifier.swift */ = {isa = PBXFileReference; lastKnownFileType = sourcecode.swift; path = OnFirstAppearViewModifier.swift; sourceTree = "<group>"; };
		6311C75E2C860D7700E70312 /* FavoritesViewModel.swift */ = {isa = PBXFileReference; lastKnownFileType = sourcecode.swift; path = FavoritesViewModel.swift; sourceTree = "<group>"; };
		6311C7602C860DE600E70312 /* ProductsViewModel.swift */ = {isa = PBXFileReference; lastKnownFileType = sourcecode.swift; path = ProductsViewModel.swift; sourceTree = "<group>"; };
		6321D1A82C6C2F8F00D7AF4C /* GoogleService-Info.plist */ = {isa = PBXFileReference; fileEncoding = 4; lastKnownFileType = text.plist.xml; path = "GoogleService-Info.plist"; sourceTree = "<group>"; };
		6321D1AF2C6C310400D7AF4C /* Info.plist */ = {isa = PBXFileReference; lastKnownFileType = text.plist; path = Info.plist; sourceTree = "<group>"; };
		637D54F52C6FA61F003220D6 /* SwiftfulFirebaseBootcamp.entitlements */ = {isa = PBXFileReference; lastKnownFileType = text.plist.entitlements; path = SwiftfulFirebaseBootcamp.entitlements; sourceTree = "<group>"; };
		637D54F62C6FC273003220D6 /* SignInAppleHelper.swift */ = {isa = PBXFileReference; lastKnownFileType = sourcecode.swift; path = SignInAppleHelper.swift; sourceTree = "<group>"; };
		637D54FA2C6FD993003220D6 /* SettingsViewModel.swift */ = {isa = PBXFileReference; lastKnownFileType = sourcecode.swift; path = SettingsViewModel.swift; sourceTree = "<group>"; };
		637D54FD2C6FD9CE003220D6 /* AuthenticationViewModel.swift */ = {isa = PBXFileReference; lastKnownFileType = sourcecode.swift; path = AuthenticationViewModel.swift; sourceTree = "<group>"; };
		637D55002C6FDA3D003220D6 /* SignInEmailViewModel.swift */ = {isa = PBXFileReference; lastKnownFileType = sourcecode.swift; path = SignInEmailViewModel.swift; sourceTree = "<group>"; };
		637D55032C6FDA7D003220D6 /* ProfileView.swift */ = {isa = PBXFileReference; lastKnownFileType = sourcecode.swift; path = ProfileView.swift; sourceTree = "<group>"; };
		637D55062C6FFC65003220D6 /* UserManager.swift */ = {isa = PBXFileReference; lastKnownFileType = sourcecode.swift; path = UserManager.swift; sourceTree = "<group>"; };
		637D55082C77BC28003220D6 /* ProductsDatabase.swift */ = {isa = PBXFileReference; lastKnownFileType = sourcecode.swift; path = ProductsDatabase.swift; sourceTree = "<group>"; };
		637D550B2C77BC9D003220D6 /* ProductsView.swift */ = {isa = PBXFileReference; lastKnownFileType = sourcecode.swift; path = ProductsView.swift; sourceTree = "<group>"; };
		637D550D2C77C008003220D6 /* ProductsManager.swift */ = {isa = PBXFileReference; lastKnownFileType = sourcecode.swift; path = ProductsManager.swift; sourceTree = "<group>"; };
		637D55102C77EEDF003220D6 /* ProductCellView.swift */ = {isa = PBXFileReference; lastKnownFileType = sourcecode.swift; path = ProductCellView.swift; sourceTree = "<group>"; };
		63BA2C032C6ECECA00AD1751 /* Utilities.swift */ = {isa = PBXFileReference; lastKnownFileType = sourcecode.swift; path = Utilities.swift; sourceTree = "<group>"; };
		63BA2C052C6ED92900AD1751 /* SignInGoogleHelper.swift */ = {isa = PBXFileReference; lastKnownFileType = sourcecode.swift; path = SignInGoogleHelper.swift; sourceTree = "<group>"; };
		63F38A4D2C4C6D330050DFB9 /* SwiftfulFirebaseBootcamp.app */ = {isa = PBXFileReference; explicitFileType = wrapper.application; includeInIndex = 0; path = SwiftfulFirebaseBootcamp.app; sourceTree = BUILT_PRODUCTS_DIR; };
		63F38A502C4C6D330050DFB9 /* SwiftfulFirebaseBootcampApp.swift */ = {isa = PBXFileReference; lastKnownFileType = sourcecode.swift; path = SwiftfulFirebaseBootcampApp.swift; sourceTree = "<group>"; };
		63F38A522C4C6D330050DFB9 /* ContentView.swift */ = {isa = PBXFileReference; lastKnownFileType = sourcecode.swift; path = ContentView.swift; sourceTree = "<group>"; };
		63F38A542C4C6D350050DFB9 /* Assets.xcassets */ = {isa = PBXFileReference; lastKnownFileType = folder.assetcatalog; path = Assets.xcassets; sourceTree = "<group>"; };
		63F38A572C4C6D350050DFB9 /* Preview Assets.xcassets */ = {isa = PBXFileReference; lastKnownFileType = folder.assetcatalog; path = "Preview Assets.xcassets"; sourceTree = "<group>"; };
		63F38A692C4CC18B0050DFB9 /* AuthenticationView.swift */ = {isa = PBXFileReference; lastKnownFileType = sourcecode.swift; path = AuthenticationView.swift; sourceTree = "<group>"; };
		63F38A6B2C4CC32A0050DFB9 /* SignInEmailView.swift */ = {isa = PBXFileReference; lastKnownFileType = sourcecode.swift; path = SignInEmailView.swift; sourceTree = "<group>"; };
		63F38A6D2C4D56D60050DFB9 /* AuthenticationManager.swift */ = {isa = PBXFileReference; lastKnownFileType = sourcecode.swift; path = AuthenticationManager.swift; sourceTree = "<group>"; };
		63F38A6F2C4D81260050DFB9 /* RootView.swift */ = {isa = PBXFileReference; lastKnownFileType = sourcecode.swift; path = RootView.swift; sourceTree = "<group>"; };
		63F38A712C4D83650050DFB9 /* SettingsView.swift */ = {isa = PBXFileReference; lastKnownFileType = sourcecode.swift; path = SettingsView.swift; sourceTree = "<group>"; };
/* End PBXFileReference section */

/* Begin PBXFrameworksBuildPhase section */
		63F38A4A2C4C6D330050DFB9 /* Frameworks */ = {
			isa = PBXFrameworksBuildPhase;
			buildActionMask = 2147483647;
			files = (
				63B2F5642C50A6970013027F /* FirebaseFirestoreSwift in Frameworks */,
				63F38A642C4C8A1C0050DFB9 /* FirebaseAnalyticsSwift in Frameworks */,
				6321D1AE2C6C309800D7AF4C /* GoogleSignInSwift in Frameworks */,
				63B2F5622C50A6970013027F /* FirebaseFirestore in Frameworks */,
				63F38A672C4CC0CD0050DFB9 /* FirebaseAuth in Frameworks */,
				63F38A622C4C8A1C0050DFB9 /* FirebaseAnalytics in Frameworks */,
				6321D1AC2C6C309800D7AF4C /* GoogleSignIn in Frameworks */,
			);
			runOnlyForDeploymentPostprocessing = 0;
		};
/* End PBXFrameworksBuildPhase section */

/* Begin PBXGroup section */
		6311C74D2C83B3A500E70312 /* TabBarView */ = {
			isa = PBXGroup;
			children = (
				6311C74E2C83B3C700E70312 /* TabBarView.swift */,
			);
			path = TabBarView;
			sourceTree = "<group>";
		};
		6311C7502C83B7B800E70312 /* Favorites */ = {
			isa = PBXGroup;
			children = (
				6311C7512C83B7D000E70312 /* FavoritesView.swift */,
				6311C75E2C860D7700E70312 /* FavoritesViewModel.swift */,
			);
			path = Favorites;
			sourceTree = "<group>";
		};
		6311C7572C860C9300E70312 /* Extensions */ = {
			isa = PBXGroup;
			children = (
				6311C7582C860CA600E70312 /* Query+EXT.swift */,
			);
			path = Extensions;
			sourceTree = "<group>";
		};
		6311C75A2C860D0400E70312 /* Components */ = {
			isa = PBXGroup;
			children = (
				6311C75B2C860D1800E70312 /* ViewModifiers */,
			);
			path = Components;
			sourceTree = "<group>";
		};
		6311C75B2C860D1800E70312 /* ViewModifiers */ = {
			isa = PBXGroup;
			children = (
				6311C75C2C860D2C00E70312 /* OnFirstAppearViewModifier.swift */,
			);
			path = ViewModifiers;
			sourceTree = "<group>";
		};
		637D54F82C6FD94D003220D6 /* Core Views */ = {
			isa = PBXGroup;
			children = (
				63F38A6F2C4D81260050DFB9 /* RootView.swift */,
				637D54FC2C6FD9BC003220D6 /* Authentication */,
				6311C74D2C83B3A500E70312 /* TabBarView */,
				637D550A2C77BC90003220D6 /* Products */,
				6311C7502C83B7B800E70312 /* Favorites */,
				637D55022C6FDA5C003220D6 /* Profile */,
				637D54F92C6FD970003220D6 /* Settings */,
			);
			path = "Core Views";
			sourceTree = "<group>";
		};
		637D54F92C6FD970003220D6 /* Settings */ = {
			isa = PBXGroup;
			children = (
				63F38A712C4D83650050DFB9 /* SettingsView.swift */,
				637D54FA2C6FD993003220D6 /* SettingsViewModel.swift */,
			);
			path = Settings;
			sourceTree = "<group>";
		};
		637D54FC2C6FD9BC003220D6 /* Authentication */ = {
			isa = PBXGroup;
			children = (
				63F38A692C4CC18B0050DFB9 /* AuthenticationView.swift */,
				637D54FD2C6FD9CE003220D6 /* AuthenticationViewModel.swift */,
				637D54FF2C6FDA22003220D6 /* Subviews */,
			);
			path = Authentication;
			sourceTree = "<group>";
		};
		637D54FF2C6FDA22003220D6 /* Subviews */ = {
			isa = PBXGroup;
			children = (
				63F38A6B2C4CC32A0050DFB9 /* SignInEmailView.swift */,
				637D55002C6FDA3D003220D6 /* SignInEmailViewModel.swift */,
			);
			path = Subviews;
			sourceTree = "<group>";
		};
		637D55022C6FDA5C003220D6 /* Profile */ = {
			isa = PBXGroup;
			children = (
				637D55032C6FDA7D003220D6 /* ProfileView.swift */,
			);
			path = Profile;
			sourceTree = "<group>";
		};
		637D55052C6FFC52003220D6 /* Firestore */ = {
			isa = PBXGroup;
			children = (
				637D55062C6FFC65003220D6 /* UserManager.swift */,
				637D550D2C77C008003220D6 /* ProductsManager.swift */,
			);
			path = Firestore;
			sourceTree = "<group>";
		};
		637D550A2C77BC90003220D6 /* Products */ = {
			isa = PBXGroup;
			children = (
				637D550B2C77BC9D003220D6 /* ProductsView.swift */,
				6311C7602C860DE600E70312 /* ProductsViewModel.swift */,
				637D550F2C77EEC7003220D6 /* Subviews */,
			);
			path = Products;
			sourceTree = "<group>";
		};
		637D550F2C77EEC7003220D6 /* Subviews */ = {
			isa = PBXGroup;
			children = (
				637D55102C77EEDF003220D6 /* ProductCellView.swift */,
				6311C7552C85005D00E70312 /* ProductCellViewBuilder.swift */,
			);
			path = Subviews;
			sourceTree = "<group>";
		};
		63BA2C022C6ECEA500AD1751 /* Utilities */ = {
			isa = PBXGroup;
			children = (
				63BA2C032C6ECECA00AD1751 /* Utilities.swift */,
				637D55082C77BC28003220D6 /* ProductsDatabase.swift */,
			);
			path = Utilities;
			sourceTree = "<group>";
		};
		63F38A442C4C6D330050DFB9 = {
			isa = PBXGroup;
			children = (
				63F38A4F2C4C6D330050DFB9 /* SwiftfulFirebaseBootcamp */,
				63F38A4E2C4C6D330050DFB9 /* Products */,
				63F38A652C4CC0CD0050DFB9 /* Frameworks */,
			);
			sourceTree = "<group>";
		};
		63F38A4E2C4C6D330050DFB9 /* Products */ = {
			isa = PBXGroup;
			children = (
				63F38A4D2C4C6D330050DFB9 /* SwiftfulFirebaseBootcamp.app */,
			);
			name = Products;
			sourceTree = "<group>";
		};
		63F38A4F2C4C6D330050DFB9 /* SwiftfulFirebaseBootcamp */ = {
			isa = PBXGroup;
			children = (
				637D54F52C6FA61F003220D6 /* SwiftfulFirebaseBootcamp.entitlements */,
				6321D1AF2C6C310400D7AF4C /* Info.plist */,
				63F38A502C4C6D330050DFB9 /* SwiftfulFirebaseBootcampApp.swift */,
				63F38A522C4C6D330050DFB9 /* ContentView.swift */,
				6311C75A2C860D0400E70312 /* Components */,
				6311C7572C860C9300E70312 /* Extensions */,
				637D55052C6FFC52003220D6 /* Firestore */,
				637D54F82C6FD94D003220D6 /* Core Views */,
				63BA2C022C6ECEA500AD1751 /* Utilities */,
				63F38A682C4CC14F0050DFB9 /* Authentication */,
				63F38A542C4C6D350050DFB9 /* Assets.xcassets */,
				6321D1A82C6C2F8F00D7AF4C /* GoogleService-Info.plist */,
				63F38A562C4C6D350050DFB9 /* Preview Content */,
			);
			path = SwiftfulFirebaseBootcamp;
			sourceTree = "<group>";
		};
		63F38A562C4C6D350050DFB9 /* Preview Content */ = {
			isa = PBXGroup;
			children = (
				63F38A572C4C6D350050DFB9 /* Preview Assets.xcassets */,
			);
			path = "Preview Content";
			sourceTree = "<group>";
		};
		63F38A652C4CC0CD0050DFB9 /* Frameworks */ = {
			isa = PBXGroup;
			children = (
			);
			name = Frameworks;
			sourceTree = "<group>";
		};
		63F38A682C4CC14F0050DFB9 /* Authentication */ = {
			isa = PBXGroup;
			children = (
				63F38A6D2C4D56D60050DFB9 /* AuthenticationManager.swift */,
				63BA2C052C6ED92900AD1751 /* SignInGoogleHelper.swift */,
				637D54F62C6FC273003220D6 /* SignInAppleHelper.swift */,
			);
			path = Authentication;
			sourceTree = "<group>";
		};
/* End PBXGroup section */

/* Begin PBXNativeTarget section */
		63F38A4C2C4C6D330050DFB9 /* SwiftfulFirebaseBootcamp */ = {
			isa = PBXNativeTarget;
			buildConfigurationList = 63F38A5B2C4C6D350050DFB9 /* Build configuration list for PBXNativeTarget "SwiftfulFirebaseBootcamp" */;
			buildPhases = (
				63F38A492C4C6D330050DFB9 /* Sources */,
				63F38A4A2C4C6D330050DFB9 /* Frameworks */,
				63F38A4B2C4C6D330050DFB9 /* Resources */,
			);
			buildRules = (
			);
			dependencies = (
			);
			name = SwiftfulFirebaseBootcamp;
			packageProductDependencies = (
				63F38A612C4C8A1C0050DFB9 /* FirebaseAnalytics */,
				63F38A632C4C8A1C0050DFB9 /* FirebaseAnalyticsSwift */,
				63F38A662C4CC0CD0050DFB9 /* FirebaseAuth */,
				63B2F5612C50A6970013027F /* FirebaseFirestore */,
				63B2F5632C50A6970013027F /* FirebaseFirestoreSwift */,
				6321D1AB2C6C309800D7AF4C /* GoogleSignIn */,
				6321D1AD2C6C309800D7AF4C /* GoogleSignInSwift */,
			);
			productName = SwiftfulFirebaseBootcamp;
			productReference = 63F38A4D2C4C6D330050DFB9 /* SwiftfulFirebaseBootcamp.app */;
			productType = "com.apple.product-type.application";
		};
/* End PBXNativeTarget section */

/* Begin PBXProject section */
		63F38A452C4C6D330050DFB9 /* Project object */ = {
			isa = PBXProject;
			attributes = {
				BuildIndependentTargetsInParallel = 1;
				LastSwiftUpdateCheck = 1540;
				LastUpgradeCheck = 1540;
				TargetAttributes = {
					63F38A4C2C4C6D330050DFB9 = {
						CreatedOnToolsVersion = 15.4;
					};
				};
			};
			buildConfigurationList = 63F38A482C4C6D330050DFB9 /* Build configuration list for PBXProject "SwiftfulFirebaseBootcamp" */;
			compatibilityVersion = "Xcode 14.0";
			developmentRegion = en;
			hasScannedForEncodings = 0;
			knownRegions = (
				en,
				Base,
			);
			mainGroup = 63F38A442C4C6D330050DFB9;
			packageReferences = (
				63F38A602C4C8A1C0050DFB9 /* XCRemoteSwiftPackageReference "firebase-ios-sdk" */,
				6321D1AA2C6C309800D7AF4C /* XCRemoteSwiftPackageReference "GoogleSignIn-iOS" */,
			);
			productRefGroup = 63F38A4E2C4C6D330050DFB9 /* Products */;
			projectDirPath = "";
			projectRoot = "";
			targets = (
				63F38A4C2C4C6D330050DFB9 /* SwiftfulFirebaseBootcamp */,
			);
		};
/* End PBXProject section */

/* Begin PBXResourcesBuildPhase section */
		63F38A4B2C4C6D330050DFB9 /* Resources */ = {
			isa = PBXResourcesBuildPhase;
			buildActionMask = 2147483647;
			files = (
				63F38A582C4C6D350050DFB9 /* Preview Assets.xcassets in Resources */,
				63F38A552C4C6D350050DFB9 /* Assets.xcassets in Resources */,
				6321D1A92C6C2F8F00D7AF4C /* GoogleService-Info.plist in Resources */,
			);
			runOnlyForDeploymentPostprocessing = 0;
		};
/* End PBXResourcesBuildPhase section */

/* Begin PBXSourcesBuildPhase section */
		63F38A492C4C6D330050DFB9 /* Sources */ = {
			isa = PBXSourcesBuildPhase;
			buildActionMask = 2147483647;
			files = (
				637D54FE2C6FD9CE003220D6 /* AuthenticationViewModel.swift in Sources */,
				63F38A722C4D83650050DFB9 /* SettingsView.swift in Sources */,
				63F38A532C4C6D330050DFB9 /* ContentView.swift in Sources */,
				637D55072C6FFC65003220D6 /* UserManager.swift in Sources */,
				63F38A512C4C6D330050DFB9 /* SwiftfulFirebaseBootcampApp.swift in Sources */,
				6311C75F2C860D7700E70312 /* FavoritesViewModel.swift in Sources */,
				63F38A702C4D81260050DFB9 /* RootView.swift in Sources */,
				637D55012C6FDA3D003220D6 /* SignInEmailViewModel.swift in Sources */,
				637D55112C77EEDF003220D6 /* ProductCellView.swift in Sources */,
				637D550E2C77C008003220D6 /* ProductsManager.swift in Sources */,
				63F38A6A2C4CC18B0050DFB9 /* AuthenticationView.swift in Sources */,
				63F38A6E2C4D56D60050DFB9 /* AuthenticationManager.swift in Sources */,
				63BA2C042C6ECECA00AD1751 /* Utilities.swift in Sources */,
				637D55092C77BC28003220D6 /* ProductsDatabase.swift in Sources */,
				63BA2C062C6ED92900AD1751 /* SignInGoogleHelper.swift in Sources */,
				637D550C2C77BC9D003220D6 /* ProductsView.swift in Sources */,
				6311C7612C860DE600E70312 /* ProductsViewModel.swift in Sources */,
				637D54FB2C6FD993003220D6 /* SettingsViewModel.swift in Sources */,
				6311C7522C83B7D000E70312 /* FavoritesView.swift in Sources */,
				637D54F72C6FC273003220D6 /* SignInAppleHelper.swift in Sources */,
				6311C75D2C860D2C00E70312 /* OnFirstAppearViewModifier.swift in Sources */,
				6311C7562C85005D00E70312 /* ProductCellViewBuilder.swift in Sources */,
				637D55042C6FDA7D003220D6 /* ProfileView.swift in Sources */,
				6311C74F2C83B3C700E70312 /* TabBarView.swift in Sources */,
				63F38A6C2C4CC32A0050DFB9 /* SignInEmailView.swift in Sources */,
				6311C7592C860CA600E70312 /* Query+EXT.swift in Sources */,
			);
			runOnlyForDeploymentPostprocessing = 0;
		};
/* End PBXSourcesBuildPhase section */

/* Begin XCBuildConfiguration section */
		63F38A592C4C6D350050DFB9 /* Debug */ = {
			isa = XCBuildConfiguration;
			buildSettings = {
				ALWAYS_SEARCH_USER_PATHS = NO;
				ASSETCATALOG_COMPILER_GENERATE_SWIFT_ASSET_SYMBOL_EXTENSIONS = YES;
				CLANG_ANALYZER_NONNULL = YES;
				CLANG_ANALYZER_NUMBER_OBJECT_CONVERSION = YES_AGGRESSIVE;
				CLANG_CXX_LANGUAGE_STANDARD = "gnu++20";
				CLANG_ENABLE_MODULES = YES;
				CLANG_ENABLE_OBJC_ARC = YES;
				CLANG_ENABLE_OBJC_WEAK = YES;
				CLANG_WARN_BLOCK_CAPTURE_AUTORELEASING = YES;
				CLANG_WARN_BOOL_CONVERSION = YES;
				CLANG_WARN_COMMA = YES;
				CLANG_WARN_CONSTANT_CONVERSION = YES;
				CLANG_WARN_DEPRECATED_OBJC_IMPLEMENTATIONS = YES;
				CLANG_WARN_DIRECT_OBJC_ISA_USAGE = YES_ERROR;
				CLANG_WARN_DOCUMENTATION_COMMENTS = YES;
				CLANG_WARN_EMPTY_BODY = YES;
				CLANG_WARN_ENUM_CONVERSION = YES;
				CLANG_WARN_INFINITE_RECURSION = YES;
				CLANG_WARN_INT_CONVERSION = YES;
				CLANG_WARN_NON_LITERAL_NULL_CONVERSION = YES;
				CLANG_WARN_OBJC_IMPLICIT_RETAIN_SELF = YES;
				CLANG_WARN_OBJC_LITERAL_CONVERSION = YES;
				CLANG_WARN_OBJC_ROOT_CLASS = YES_ERROR;
				CLANG_WARN_QUOTED_INCLUDE_IN_FRAMEWORK_HEADER = YES;
				CLANG_WARN_RANGE_LOOP_ANALYSIS = YES;
				CLANG_WARN_STRICT_PROTOTYPES = YES;
				CLANG_WARN_SUSPICIOUS_MOVE = YES;
				CLANG_WARN_UNGUARDED_AVAILABILITY = YES_AGGRESSIVE;
				CLANG_WARN_UNREACHABLE_CODE = YES;
				CLANG_WARN__DUPLICATE_METHOD_MATCH = YES;
				COPY_PHASE_STRIP = NO;
				DEBUG_INFORMATION_FORMAT = dwarf;
				ENABLE_STRICT_OBJC_MSGSEND = YES;
				ENABLE_TESTABILITY = YES;
				ENABLE_USER_SCRIPT_SANDBOXING = YES;
				GCC_C_LANGUAGE_STANDARD = gnu17;
				GCC_DYNAMIC_NO_PIC = NO;
				GCC_NO_COMMON_BLOCKS = YES;
				GCC_OPTIMIZATION_LEVEL = 0;
				GCC_PREPROCESSOR_DEFINITIONS = (
					"DEBUG=1",
					"$(inherited)",
				);
				GCC_WARN_64_TO_32_BIT_CONVERSION = YES;
				GCC_WARN_ABOUT_RETURN_TYPE = YES_ERROR;
				GCC_WARN_UNDECLARED_SELECTOR = YES;
				GCC_WARN_UNINITIALIZED_AUTOS = YES_AGGRESSIVE;
				GCC_WARN_UNUSED_FUNCTION = YES;
				GCC_WARN_UNUSED_VARIABLE = YES;
				IPHONEOS_DEPLOYMENT_TARGET = 17.5;
				LOCALIZATION_PREFERS_STRING_CATALOGS = YES;
				MTL_ENABLE_DEBUG_INFO = INCLUDE_SOURCE;
				MTL_FAST_MATH = YES;
				ONLY_ACTIVE_ARCH = YES;
				SDKROOT = iphoneos;
				SWIFT_ACTIVE_COMPILATION_CONDITIONS = "DEBUG $(inherited)";
				SWIFT_OPTIMIZATION_LEVEL = "-Onone";
			};
			name = Debug;
		};
		63F38A5A2C4C6D350050DFB9 /* Release */ = {
			isa = XCBuildConfiguration;
			buildSettings = {
				ALWAYS_SEARCH_USER_PATHS = NO;
				ASSETCATALOG_COMPILER_GENERATE_SWIFT_ASSET_SYMBOL_EXTENSIONS = YES;
				CLANG_ANALYZER_NONNULL = YES;
				CLANG_ANALYZER_NUMBER_OBJECT_CONVERSION = YES_AGGRESSIVE;
				CLANG_CXX_LANGUAGE_STANDARD = "gnu++20";
				CLANG_ENABLE_MODULES = YES;
				CLANG_ENABLE_OBJC_ARC = YES;
				CLANG_ENABLE_OBJC_WEAK = YES;
				CLANG_WARN_BLOCK_CAPTURE_AUTORELEASING = YES;
				CLANG_WARN_BOOL_CONVERSION = YES;
				CLANG_WARN_COMMA = YES;
				CLANG_WARN_CONSTANT_CONVERSION = YES;
				CLANG_WARN_DEPRECATED_OBJC_IMPLEMENTATIONS = YES;
				CLANG_WARN_DIRECT_OBJC_ISA_USAGE = YES_ERROR;
				CLANG_WARN_DOCUMENTATION_COMMENTS = YES;
				CLANG_WARN_EMPTY_BODY = YES;
				CLANG_WARN_ENUM_CONVERSION = YES;
				CLANG_WARN_INFINITE_RECURSION = YES;
				CLANG_WARN_INT_CONVERSION = YES;
				CLANG_WARN_NON_LITERAL_NULL_CONVERSION = YES;
				CLANG_WARN_OBJC_IMPLICIT_RETAIN_SELF = YES;
				CLANG_WARN_OBJC_LITERAL_CONVERSION = YES;
				CLANG_WARN_OBJC_ROOT_CLASS = YES_ERROR;
				CLANG_WARN_QUOTED_INCLUDE_IN_FRAMEWORK_HEADER = YES;
				CLANG_WARN_RANGE_LOOP_ANALYSIS = YES;
				CLANG_WARN_STRICT_PROTOTYPES = YES;
				CLANG_WARN_SUSPICIOUS_MOVE = YES;
				CLANG_WARN_UNGUARDED_AVAILABILITY = YES_AGGRESSIVE;
				CLANG_WARN_UNREACHABLE_CODE = YES;
				CLANG_WARN__DUPLICATE_METHOD_MATCH = YES;
				COPY_PHASE_STRIP = NO;
				DEBUG_INFORMATION_FORMAT = "dwarf-with-dsym";
				ENABLE_NS_ASSERTIONS = NO;
				ENABLE_STRICT_OBJC_MSGSEND = YES;
				ENABLE_USER_SCRIPT_SANDBOXING = YES;
				GCC_C_LANGUAGE_STANDARD = gnu17;
				GCC_NO_COMMON_BLOCKS = YES;
				GCC_WARN_64_TO_32_BIT_CONVERSION = YES;
				GCC_WARN_ABOUT_RETURN_TYPE = YES_ERROR;
				GCC_WARN_UNDECLARED_SELECTOR = YES;
				GCC_WARN_UNINITIALIZED_AUTOS = YES_AGGRESSIVE;
				GCC_WARN_UNUSED_FUNCTION = YES;
				GCC_WARN_UNUSED_VARIABLE = YES;
				IPHONEOS_DEPLOYMENT_TARGET = 17.5;
				LOCALIZATION_PREFERS_STRING_CATALOGS = YES;
				MTL_ENABLE_DEBUG_INFO = NO;
				MTL_FAST_MATH = YES;
				SDKROOT = iphoneos;
				SWIFT_COMPILATION_MODE = wholemodule;
				VALIDATE_PRODUCT = YES;
			};
			name = Release;
		};
		63F38A5C2C4C6D350050DFB9 /* Debug */ = {
			isa = XCBuildConfiguration;
			buildSettings = {
				ASSETCATALOG_COMPILER_APPICON_NAME = AppIcon;
				ASSETCATALOG_COMPILER_GLOBAL_ACCENT_COLOR_NAME = AccentColor;
				CODE_SIGN_ENTITLEMENTS = SwiftfulFirebaseBootcamp/SwiftfulFirebaseBootcamp.entitlements;
				CODE_SIGN_STYLE = Automatic;
				CURRENT_PROJECT_VERSION = 1;
				DEVELOPMENT_ASSET_PATHS = "\"SwiftfulFirebaseBootcamp/Preview Content\"";
				DEVELOPMENT_TEAM = KRY6K4CUHC;
				ENABLE_PREVIEWS = YES;
				GENERATE_INFOPLIST_FILE = YES;
				INFOPLIST_FILE = SwiftfulFirebaseBootcamp/Info.plist;
				INFOPLIST_KEY_UIApplicationSceneManifest_Generation = YES;
				INFOPLIST_KEY_UIApplicationSupportsIndirectInputEvents = YES;
				INFOPLIST_KEY_UILaunchScreen_Generation = YES;
				INFOPLIST_KEY_UISupportedInterfaceOrientations_iPad = "UIInterfaceOrientationPortrait UIInterfaceOrientationPortraitUpsideDown UIInterfaceOrientationLandscapeLeft UIInterfaceOrientationLandscapeRight";
				INFOPLIST_KEY_UISupportedInterfaceOrientations_iPhone = "UIInterfaceOrientationPortrait UIInterfaceOrientationLandscapeLeft UIInterfaceOrientationLandscapeRight";
				LD_RUNPATH_SEARCH_PATHS = (
					"$(inherited)",
					"@executable_path/Frameworks",
				);
				MARKETING_VERSION = 1.0;
				PRODUCT_BUNDLE_IDENTIFIER = com.radiosilence.Swatch.SwiftfulFirebaseBootcamp;
				PRODUCT_NAME = "$(TARGET_NAME)";
				SWIFT_EMIT_LOC_STRINGS = YES;
				SWIFT_VERSION = 5.0;
				TARGETED_DEVICE_FAMILY = "1,2";
			};
			name = Debug;
		};
		63F38A5D2C4C6D350050DFB9 /* Release */ = {
			isa = XCBuildConfiguration;
			buildSettings = {
				ASSETCATALOG_COMPILER_APPICON_NAME = AppIcon;
				ASSETCATALOG_COMPILER_GLOBAL_ACCENT_COLOR_NAME = AccentColor;
				CODE_SIGN_ENTITLEMENTS = SwiftfulFirebaseBootcamp/SwiftfulFirebaseBootcamp.entitlements;
				CODE_SIGN_STYLE = Automatic;
				CURRENT_PROJECT_VERSION = 1;
				DEVELOPMENT_ASSET_PATHS = "\"SwiftfulFirebaseBootcamp/Preview Content\"";
				DEVELOPMENT_TEAM = KRY6K4CUHC;
				ENABLE_PREVIEWS = YES;
				GENERATE_INFOPLIST_FILE = YES;
				INFOPLIST_FILE = SwiftfulFirebaseBootcamp/Info.plist;
				INFOPLIST_KEY_UIApplicationSceneManifest_Generation = YES;
				INFOPLIST_KEY_UIApplicationSupportsIndirectInputEvents = YES;
				INFOPLIST_KEY_UILaunchScreen_Generation = YES;
				INFOPLIST_KEY_UISupportedInterfaceOrientations_iPad = "UIInterfaceOrientationPortrait UIInterfaceOrientationPortraitUpsideDown UIInterfaceOrientationLandscapeLeft UIInterfaceOrientationLandscapeRight";
				INFOPLIST_KEY_UISupportedInterfaceOrientations_iPhone = "UIInterfaceOrientationPortrait UIInterfaceOrientationLandscapeLeft UIInterfaceOrientationLandscapeRight";
				LD_RUNPATH_SEARCH_PATHS = (
					"$(inherited)",
					"@executable_path/Frameworks",
				);
				MARKETING_VERSION = 1.0;
				PRODUCT_BUNDLE_IDENTIFIER = com.radiosilence.Swatch.SwiftfulFirebaseBootcamp;
				PRODUCT_NAME = "$(TARGET_NAME)";
				SWIFT_EMIT_LOC_STRINGS = YES;
				SWIFT_VERSION = 5.0;
				TARGETED_DEVICE_FAMILY = "1,2";
			};
			name = Release;
		};
/* End XCBuildConfiguration section */

/* Begin XCConfigurationList section */
		63F38A482C4C6D330050DFB9 /* Build configuration list for PBXProject "SwiftfulFirebaseBootcamp" */ = {
			isa = XCConfigurationList;
			buildConfigurations = (
				63F38A592C4C6D350050DFB9 /* Debug */,
				63F38A5A2C4C6D350050DFB9 /* Release */,
			);
			defaultConfigurationIsVisible = 0;
			defaultConfigurationName = Release;
		};
		63F38A5B2C4C6D350050DFB9 /* Build configuration list for PBXNativeTarget "SwiftfulFirebaseBootcamp" */ = {
			isa = XCConfigurationList;
			buildConfigurations = (
				63F38A5C2C4C6D350050DFB9 /* Debug */,
				63F38A5D2C4C6D350050DFB9 /* Release */,
			);
			defaultConfigurationIsVisible = 0;
			defaultConfigurationName = Release;
		};
/* End XCConfigurationList section */

/* Begin XCRemoteSwiftPackageReference section */
		6321D1AA2C6C309800D7AF4C /* XCRemoteSwiftPackageReference "GoogleSignIn-iOS" */ = {
			isa = XCRemoteSwiftPackageReference;
			repositoryURL = "https://github.com/google/GoogleSignIn-iOS.git";
			requirement = {
				kind = upToNextMajorVersion;
				minimumVersion = 7.1.0;
			};
		};
		63F38A602C4C8A1C0050DFB9 /* XCRemoteSwiftPackageReference "firebase-ios-sdk" */ = {
			isa = XCRemoteSwiftPackageReference;
			repositoryURL = "https://github.com/firebase/firebase-ios-sdk";
			requirement = {
				kind = upToNextMajorVersion;
				minimumVersion = 10.29.0;
			};
		};
/* End XCRemoteSwiftPackageReference section */

/* Begin XCSwiftPackageProductDependency section */
		6321D1AB2C6C309800D7AF4C /* GoogleSignIn */ = {
			isa = XCSwiftPackageProductDependency;
			package = 6321D1AA2C6C309800D7AF4C /* XCRemoteSwiftPackageReference "GoogleSignIn-iOS" */;
			productName = GoogleSignIn;
		};
		6321D1AD2C6C309800D7AF4C /* GoogleSignInSwift */ = {
			isa = XCSwiftPackageProductDependency;
			package = 6321D1AA2C6C309800D7AF4C /* XCRemoteSwiftPackageReference "GoogleSignIn-iOS" */;
			productName = GoogleSignInSwift;
		};
		63B2F5612C50A6970013027F /* FirebaseFirestore */ = {
			isa = XCSwiftPackageProductDependency;
			package = 63F38A602C4C8A1C0050DFB9 /* XCRemoteSwiftPackageReference "firebase-ios-sdk" */;
			productName = FirebaseFirestore;
		};
		63B2F5632C50A6970013027F /* FirebaseFirestoreSwift */ = {
			isa = XCSwiftPackageProductDependency;
			package = 63F38A602C4C8A1C0050DFB9 /* XCRemoteSwiftPackageReference "firebase-ios-sdk" */;
			productName = FirebaseFirestoreSwift;
		};
		63F38A612C4C8A1C0050DFB9 /* FirebaseAnalytics */ = {
			isa = XCSwiftPackageProductDependency;
			package = 63F38A602C4C8A1C0050DFB9 /* XCRemoteSwiftPackageReference "firebase-ios-sdk" */;
			productName = FirebaseAnalytics;
		};
		63F38A632C4C8A1C0050DFB9 /* FirebaseAnalyticsSwift */ = {
			isa = XCSwiftPackageProductDependency;
			package = 63F38A602C4C8A1C0050DFB9 /* XCRemoteSwiftPackageReference "firebase-ios-sdk" */;
			productName = FirebaseAnalyticsSwift;
		};
		63F38A662C4CC0CD0050DFB9 /* FirebaseAuth */ = {
			isa = XCSwiftPackageProductDependency;
			package = 63F38A602C4C8A1C0050DFB9 /* XCRemoteSwiftPackageReference "firebase-ios-sdk" */;
			productName = FirebaseAuth;
		};
/* End XCSwiftPackageProductDependency section */
	};
	rootObject = 63F38A452C4C6D330050DFB9 /* Project object */;
}
